
Microsoft Visual Studio Solution File, Format Version 12.00
Project("{FAE04EC0-301F-11D3-BF4B-00C04F79EFBC}") = "romeo-ui", "romeo-ui\romeo-ui.csproj", "{38CAED7F-34A7-4735-AB08-402ABCA1DCEF}"
EndProject
Project("{FAE04EC0-301F-11D3-BF4B-00C04F79EFBC}") = "romeo-razor", "romeo-razor\romeo-razor.csproj", "{BF3D9925-6454-4226-A073-FC91E13743C9}"
EndProject
Global
	GlobalSection(SolutionConfigurationPlatforms) = preSolution
		Debug|Any CPU = Debug|Any CPU
		Release|Any CPU = Release|Any CPU
	EndGlobalSection
	GlobalSection(ProjectConfigurationPlatforms) = postSolution
		{38CAED7F-34A7-4735-AB08-402ABCA1DCEF}.Debug|Any CPU.ActiveCfg = Debug|Any CPU
		{38CAED7F-34A7-4735-AB08-402ABCA1DCEF}.Debug|Any CPU.Build.0 = Debug|Any CPU
		{38CAED7F-34A7-4735-AB08-402ABCA1DCEF}.Release|Any CPU.ActiveCfg = Release|Any CPU
		{38CAED7F-34A7-4735-AB08-402ABCA1DCEF}.Release|Any CPU.Build.0 = Release|Any CPU
		{BF3D9925-6454-4226-A073-FC91E13743C9}.Debug|Any CPU.ActiveCfg = Debug|Any CPU
		{BF3D9925-6454-4226-A073-FC91E13743C9}.Debug|Any CPU.Build.0 = Debug|Any CPU
		{BF3D9925-6454-4226-A073-FC91E13743C9}.Release|Any CPU.ActiveCfg = Release|Any CPU
		{BF3D9925-6454-4226-A073-FC91E13743C9}.Release|Any CPU.Build.0 = Release|Any CPU
	EndGlobalSection
EndGlobal
